PODS:
  - Masonry (1.0.2)
  - SDWebImage (3.8.2):
    - SDWebImage/Core (= 3.8.2)
  - SDWebImage/Core (3.8.2)
  - SVProgressHUD (2.0.4)

DEPENDENCIES:
  - Masonry (~> 1.0.1)
  - SDWebImage (~> 3.8.1)
  - SVProgressHUD (~> 2.0.3)

SPEC CHECKSUMS:
  Masonry: 7c429b56da9d4ee0bbb3ed77a5ea710d6a5df39e
  SDWebImage: 098e97e6176540799c27e804c96653ee0833d13c
  SVProgressHUD: bfde85ed6c573ea802b9cb37894ed9b629034f1b

PODFILE CHECKSUM: 411f3b741a21f494ecb9a146e40efb85f2c75a29

COCOAPODS: 1.2.1
